
Microsoft Visual Studio Solution File, Format Version 12.00
# Visual Studio Version 16
VisualStudioVersion = 16.0.31112.23
MinimumVisualStudioVersion = 10.0.40219.1
Project("{FAE04EC0-301F-11D3-BF4B-00C04F79EFBC}") = "Codemancy", "Codemancy.csproj", "{24D471D0-11F8-488C-9EC7-8471672795D3}"
EndProject
Project("{FAE04EC0-301F-11D3-BF4B-00C04F79EFBC}") = "Codemancy2", "..\Codemancy2\Codemancy2.csproj", "{B3051421-F803-4F9A-B29F-8F5BB15EEFA5}"
EndProject
Project("{FAE04EC0-301F-11D3-BF4B-00C04F79EFBC}") = "Codemancy3", "..\Codemancy3\Codemancy3.csproj", "{8198D508-FF9B-4822-97F0-BCCB8CCD7B55}"
EndProject
Global
	GlobalSection(SolutionConfigurationPlatforms) = preSolution
		Debug|Any CPU = Debug|Any CPU
		Release|Any CPU = Release|Any CPU
	EndGlobalSection
	GlobalSection(ProjectConfigurationPlatforms) = postSolution
		{24D471D0-11F8-488C-9EC7-8471672795D3}.Debug|Any CPU.ActiveCfg = Debug|Any CPU
		{24D471D0-11F8-488C-9EC7-8471672795D3}.Debug|Any CPU.Build.0 = Debug|Any CPU
		{24D471D0-11F8-488C-9EC7-8471672795D3}.Release|Any CPU.ActiveCfg = Release|Any CPU
		{24D471D0-11F8-488C-9EC7-8471672795D3}.Release|Any CPU.Build.0 = Release|Any CPU
		{B3051421-F803-4F9A-B29F-8F5BB15EEFA5}.Debug|Any CPU.ActiveCfg = Debug|Any CPU
		{B3051421-F803-4F9A-B29F-8F5BB15EEFA5}.Debug|Any CPU.Build.0 = Debug|Any CPU
		{B3051421-F803-4F9A-B29F-8F5BB15EEFA5}.Release|Any CPU.ActiveCfg = Release|Any CPU
		{B3051421-F803-4F9A-B29F-8F5BB15EEFA5}.Release|Any CPU.Build.0 = Release|Any CPU
		{8198D508-FF9B-4822-97F0-BCCB8CCD7B55}.Debug|Any CPU.ActiveCfg = Debug|Any CPU
		{8198D508-FF9B-4822-97F0-BCCB8CCD7B55}.Debug|Any CPU.Build.0 = Debug|Any CPU
		{8198D508-FF9B-4822-97F0-BCCB8CCD7B55}.Release|Any CPU.ActiveCfg = Release|Any CPU
		{8198D508-FF9B-4822-97F0-BCCB8CCD7B55}.Release|Any CPU.Build.0 = Release|Any CPU
	EndGlobalSection
	GlobalSection(SolutionProperties) = preSolution
		HideSolutionNode = FALSE
	EndGlobalSection
	GlobalSection(ExtensibilityGlobals) = postSolution
		SolutionGuid = {6728D5AA-2725-46D4-A050-A83B8314E9F6}
	EndGlobalSection
EndGlobal
